
Microsoft Visual Studio Solution File, Format Version 12.00
# Visual Studio Version 16
VisualStudioVersion = 16.0.30523.141
MinimumVisualStudioVersion = 10.0.40219.1
Project("{FAE04EC0-301F-11D3-BF4B-00C04F79EFBC}") = "012_Dictionary", "012_Dictionary\012_Dictionary.csproj", "{BB61797C-C9DC-4455-A6C5-57DEACCD7F16}"
EndProject
Global
	GlobalSection(SolutionConfigurationPlatforms) = preSolution
		Debug|Any CPU = Debug|Any CPU
		Release|Any CPU = Release|Any CPU
	EndGlobalSection
	GlobalSection(ProjectConfigurationPlatforms) = postSolution
		{BB61797C-C9DC-4455-A6C5-57DEACCD7F16}.Debug|Any CPU.ActiveCfg = Debug|Any CPU
		{BB61797C-C9DC-4455-A6C5-57DEACCD7F16}.Debug|Any CPU.Build.0 = Debug|Any CPU
		{BB61797C-C9DC-4455-A6C5-57DEACCD7F16}.Release|Any CPU.ActiveCfg = Release|Any CPU
		{BB61797C-C9DC-4455-A6C5-57DEACCD7F16}.Release|Any CPU.Build.0 = Release|Any CPU
	EndGlobalSection
	GlobalSection(SolutionProperties) = preSolution
		HideSolutionNode = FALSE
	EndGlobalSection
	GlobalSection(ExtensibilityGlobals) = postSolution
		SolutionGuid = {2EDAE052-33F4-4496-9765-3F990B876F20}
	EndGlobalSection
EndGlobal
