
Microsoft Visual Studio Solution File, Format Version 12.00
# Visual Studio Version 16
VisualStudioVersion = 16.0.30717.126
MinimumVisualStudioVersion = 10.0.40219.1
Project("{FAE04EC0-301F-11D3-BF4B-00C04F79EFBC}") = "4_018_Ereditarietà02", "4_018_Ereditarietà02\4_018_Ereditarietà02.csproj", "{BC8B295B-3B97-4C8A-B05C-EFC280EC4AB5}"
EndProject
Global
	GlobalSection(SolutionConfigurationPlatforms) = preSolution
		Debug|Any CPU = Debug|Any CPU
		Release|Any CPU = Release|Any CPU
	EndGlobalSection
	GlobalSection(ProjectConfigurationPlatforms) = postSolution
		{BC8B295B-3B97-4C8A-B05C-EFC280EC4AB5}.Debug|Any CPU.ActiveCfg = Debug|Any CPU
		{BC8B295B-3B97-4C8A-B05C-EFC280EC4AB5}.Debug|Any CPU.Build.0 = Debug|Any CPU
		{BC8B295B-3B97-4C8A-B05C-EFC280EC4AB5}.Release|Any CPU.ActiveCfg = Release|Any CPU
		{BC8B295B-3B97-4C8A-B05C-EFC280EC4AB5}.Release|Any CPU.Build.0 = Release|Any CPU
	EndGlobalSection
	GlobalSection(SolutionProperties) = preSolution
		HideSolutionNode = FALSE
	EndGlobalSection
	GlobalSection(ExtensibilityGlobals) = postSolution
		SolutionGuid = {7E702C50-7D42-4F07-A470-E7DD3777BEFF}
	EndGlobalSection
EndGlobal
