
Microsoft Visual Studio Solution File, Format Version 12.00
# Visual Studio Version 16
VisualStudioVersion = 16.0.31005.135
MinimumVisualStudioVersion = 10.0.40219.1
Project("{FAE04EC0-301F-11D3-BF4B-00C04F79EFBC}") = "4_030_PrimoEsemioDelegate", "4_030_PrimoEsemioDelegate\4_030_PrimoEsemioDelegate.csproj", "{D0A7CAE1-99BF-45D5-B6DD-1F9E06E3002A}"
EndProject
Global
	GlobalSection(SolutionConfigurationPlatforms) = preSolution
		Debug|Any CPU = Debug|Any CPU
		Release|Any CPU = Release|Any CPU
	EndGlobalSection
	GlobalSection(ProjectConfigurationPlatforms) = postSolution
		{D0A7CAE1-99BF-45D5-B6DD-1F9E06E3002A}.Debug|Any CPU.ActiveCfg = Debug|Any CPU
		{D0A7CAE1-99BF-45D5-B6DD-1F9E06E3002A}.Debug|Any CPU.Build.0 = Debug|Any CPU
		{D0A7CAE1-99BF-45D5-B6DD-1F9E06E3002A}.Release|Any CPU.ActiveCfg = Release|Any CPU
		{D0A7CAE1-99BF-45D5-B6DD-1F9E06E3002A}.Release|Any CPU.Build.0 = Release|Any CPU
	EndGlobalSection
	GlobalSection(SolutionProperties) = preSolution
		HideSolutionNode = FALSE
	EndGlobalSection
	GlobalSection(ExtensibilityGlobals) = postSolution
		SolutionGuid = {C967C2F4-F9C6-4025-A007-8103A7192166}
	EndGlobalSection
EndGlobal
