
Microsoft Visual Studio Solution File, Format Version 12.00
# Visual Studio Version 16
VisualStudioVersion = 16.0.30717.126
MinimumVisualStudioVersion = 10.0.40219.1
Project("{FAE04EC0-301F-11D3-BF4B-00C04F79EFBC}") = "4_017_Ereditarietà", "4_017_Ereditarietà\4_017_Ereditarietà.csproj", "{E2CE439F-6593-429D-A900-B986763F06A5}"
EndProject
Global
	GlobalSection(SolutionConfigurationPlatforms) = preSolution
		Debug|Any CPU = Debug|Any CPU
		Release|Any CPU = Release|Any CPU
	EndGlobalSection
	GlobalSection(ProjectConfigurationPlatforms) = postSolution
		{E2CE439F-6593-429D-A900-B986763F06A5}.Debug|Any CPU.ActiveCfg = Debug|Any CPU
		{E2CE439F-6593-429D-A900-B986763F06A5}.Debug|Any CPU.Build.0 = Debug|Any CPU
		{E2CE439F-6593-429D-A900-B986763F06A5}.Release|Any CPU.ActiveCfg = Release|Any CPU
		{E2CE439F-6593-429D-A900-B986763F06A5}.Release|Any CPU.Build.0 = Release|Any CPU
	EndGlobalSection
	GlobalSection(SolutionProperties) = preSolution
		HideSolutionNode = FALSE
	EndGlobalSection
	GlobalSection(ExtensibilityGlobals) = postSolution
		SolutionGuid = {40854382-3F99-45F9-BAA0-E2E24382AE26}
	EndGlobalSection
EndGlobal
