
Microsoft Visual Studio Solution File, Format Version 12.00
# Visual Studio Version 16
VisualStudioVersion = 16.0.30523.141
MinimumVisualStudioVersion = 10.0.40219.1
Project("{FAE04EC0-301F-11D3-BF4B-00C04F79EFBC}") = "005_OOP01", "005_OOP01\005_OOP01.csproj", "{542D1912-7ACA-4C27-99AC-A0A5184C3B4F}"
EndProject
Global
	GlobalSection(SolutionConfigurationPlatforms) = preSolution
		Debug|Any CPU = Debug|Any CPU
		Release|Any CPU = Release|Any CPU
	EndGlobalSection
	GlobalSection(ProjectConfigurationPlatforms) = postSolution
		{542D1912-7ACA-4C27-99AC-A0A5184C3B4F}.Debug|Any CPU.ActiveCfg = Debug|Any CPU
		{542D1912-7ACA-4C27-99AC-A0A5184C3B4F}.Debug|Any CPU.Build.0 = Debug|Any CPU
		{542D1912-7ACA-4C27-99AC-A0A5184C3B4F}.Release|Any CPU.ActiveCfg = Release|Any CPU
		{542D1912-7ACA-4C27-99AC-A0A5184C3B4F}.Release|Any CPU.Build.0 = Release|Any CPU
	EndGlobalSection
	GlobalSection(SolutionProperties) = preSolution
		HideSolutionNode = FALSE
	EndGlobalSection
	GlobalSection(ExtensibilityGlobals) = postSolution
		SolutionGuid = {5F20ACBB-AA02-45D6-9D0A-602811A43039}
	EndGlobalSection
EndGlobal
