
Microsoft Visual Studio Solution File, Format Version 12.00
# Visual Studio Version 16
VisualStudioVersion = 16.0.31005.135
MinimumVisualStudioVersion = 10.0.40219.1
Project("{FAE04EC0-301F-11D3-BF4B-00C04F79EFBC}") = "4_029_Uso interfaccia iComparer", "4_029_Uso interfaccia iComparer\4_029_Uso interfaccia iComparer.csproj", "{8DF7F60A-6242-4E88-9033-FAEC9B3567EE}"
EndProject
Global
	GlobalSection(SolutionConfigurationPlatforms) = preSolution
		Debug|Any CPU = Debug|Any CPU
		Release|Any CPU = Release|Any CPU
	EndGlobalSection
	GlobalSection(ProjectConfigurationPlatforms) = postSolution
		{8DF7F60A-6242-4E88-9033-FAEC9B3567EE}.Debug|Any CPU.ActiveCfg = Debug|Any CPU
		{8DF7F60A-6242-4E88-9033-FAEC9B3567EE}.Debug|Any CPU.Build.0 = Debug|Any CPU
		{8DF7F60A-6242-4E88-9033-FAEC9B3567EE}.Release|Any CPU.ActiveCfg = Release|Any CPU
		{8DF7F60A-6242-4E88-9033-FAEC9B3567EE}.Release|Any CPU.Build.0 = Release|Any CPU
	EndGlobalSection
	GlobalSection(SolutionProperties) = preSolution
		HideSolutionNode = FALSE
	EndGlobalSection
	GlobalSection(ExtensibilityGlobals) = postSolution
		SolutionGuid = {AB7F56A4-845A-47CA-83F3-90F67F8006ED}
	EndGlobalSection
EndGlobal
