
Microsoft Visual Studio Solution File, Format Version 12.00
# Visual Studio Version 16
VisualStudioVersion = 16.0.30011.22
MinimumVisualStudioVersion = 10.0.40219.1
Project("{FAE04EC0-301F-11D3-BF4B-00C04F79EFBC}") = "21-OOP Complessi e Quaternioni", "21-OOP Complessi e Quaternioni\21-OOP Complessi e Quaternioni.csproj", "{CFE0E857-79C4-481F-A147-CA003483E0BA}"
EndProject
Global
	GlobalSection(SolutionConfigurationPlatforms) = preSolution
		Debug|Any CPU = Debug|Any CPU
		Release|Any CPU = Release|Any CPU
	EndGlobalSection
	GlobalSection(ProjectConfigurationPlatforms) = postSolution
		{CFE0E857-79C4-481F-A147-CA003483E0BA}.Debug|Any CPU.ActiveCfg = Debug|Any CPU
		{CFE0E857-79C4-481F-A147-CA003483E0BA}.Debug|Any CPU.Build.0 = Debug|Any CPU
		{CFE0E857-79C4-481F-A147-CA003483E0BA}.Release|Any CPU.ActiveCfg = Release|Any CPU
		{CFE0E857-79C4-481F-A147-CA003483E0BA}.Release|Any CPU.Build.0 = Release|Any CPU
	EndGlobalSection
	GlobalSection(SolutionProperties) = preSolution
		HideSolutionNode = FALSE
	EndGlobalSection
	GlobalSection(ExtensibilityGlobals) = postSolution
		SolutionGuid = {D543FE2F-F4A0-444A-9714-B89942EBDA71}
	EndGlobalSection
EndGlobal
